
Microsoft Visual Studio Solution File, Format Version 12.00
# Visual Studio Version 17
VisualStudioVersion = 17.13.35931.197 d17.13
MinimumVisualStudioVersion = 10.0.40219.1
Project("{FAE04EC0-301F-11D3-BF4B-00C04F79EFBC}") = "DrakimaWebsite", "DrakimaWebsite.csproj", "{1F2AF797-6B3F-4254-850F-2E603CD8D1D6}"
EndProject
Global
	GlobalSection(SolutionConfigurationPlatforms) = preSolution
		Debug|Any CPU = Debug|Any CPU
		Release|Any CPU = Release|Any CPU
	EndGlobalSection
	GlobalSection(ProjectConfigurationPlatforms) = postSolution
		{1F2AF797-6B3F-4254-850F-2E603CD8D1D6}.Debug|Any CPU.ActiveCfg = Debug|Any CPU
		{1F2AF797-6B3F-4254-850F-2E603CD8D1D6}.Debug|Any CPU.Build.0 = Debug|Any CPU
		{1F2AF797-6B3F-4254-850F-2E603CD8D1D6}.Release|Any CPU.ActiveCfg = Release|Any CPU
		{1F2AF797-6B3F-4254-850F-2E603CD8D1D6}.Release|Any CPU.Build.0 = Release|Any CPU
	EndGlobalSection
	GlobalSection(SolutionProperties) = preSolution
		HideSolutionNode = FALSE
	EndGlobalSection
	GlobalSection(ExtensibilityGlobals) = postSolution
		SolutionGuid = {CF9E84C8-E871-4CE6-946E-39749E9EC08A}
	EndGlobalSection
EndGlobal
